
Microsoft Visual Studio Solution File, Format Version 12.00
# Visual Studio Version 17
VisualStudioVersion = 17.14.37614.0 d17.14
MinimumVisualStudioVersion = 10.0.40219.1
Project("{FAE04EC0-301F-11D3-BF4B-00C04F79EFBC}") = "2026031030_practice", "2026031030_practice.csproj", "{6C8F0456-944D-470F-8865-658667396EB2}"
EndProject
Global
	GlobalSection(SolutionConfigurationPlatforms) = preSolution
		Debug|Any CPU = Debug|Any CPU
		Release|Any CPU = Release|Any CPU
	EndGlobalSection
	GlobalSection(ProjectConfigurationPlatforms) = postSolution
		{6C8F0456-944D-470F-8865-658667396EB2}.Debug|Any CPU.ActiveCfg = Debug|Any CPU
		{6C8F0456-944D-470F-8865-658667396EB2}.Debug|Any CPU.Build.0 = Debug|Any CPU
		{6C8F0456-944D-470F-8865-658667396EB2}.Release|Any CPU.ActiveCfg = Release|Any CPU
		{6C8F0456-944D-470F-8865-658667396EB2}.Release|Any CPU.Build.0 = Release|Any CPU
	EndGlobalSection
	GlobalSection(SolutionProperties) = preSolution
		HideSolutionNode = FALSE
	EndGlobalSection
	GlobalSection(ExtensibilityGlobals) = postSolution
		SolutionGuid = {7491FCDB-44D8-405B-97E6-1811202ABC41}
	EndGlobalSection
EndGlobal
